
Microsoft Visual Studio Solution File, Format Version 12.00
# Visual Studio Version 16
VisualStudioVersion = 16.0.29926.136
MinimumVisualStudioVersion = 10.0.40219.1
Project("{FAE04EC0-301F-11D3-BF4B-00C04F79EFBC}") = "VidzyCodeFirst", "VidzyCodeFirst\VidzyCodeFirst.csproj", "{FFEBF53A-179E-4475-8133-3E65686BB009}"
EndProject
Global
	GlobalSection(SolutionConfigurationPlatforms) = preSolution
		Debug|Any CPU = Debug|Any CPU
		Release|Any CPU = Release|Any CPU
	EndGlobalSection
	GlobalSection(ProjectConfigurationPlatforms) = postSolution
		{FFEBF53A-179E-4475-8133-3E65686BB009}.Debug|Any CPU.ActiveCfg = Debug|Any CPU
		{FFEBF53A-179E-4475-8133-3E65686BB009}.Debug|Any CPU.Build.0 = Debug|Any CPU
		{FFEBF53A-179E-4475-8133-3E65686BB009}.Release|Any CPU.ActiveCfg = Release|Any CPU
		{FFEBF53A-179E-4475-8133-3E65686BB009}.Release|Any CPU.Build.0 = Release|Any CPU
	EndGlobalSection
	GlobalSection(SolutionProperties) = preSolution
		HideSolutionNode = FALSE
	EndGlobalSection
	GlobalSection(ExtensibilityGlobals) = postSolution
		SolutionGuid = {6B88A18E-A8AC-4171-832B-DD04ED7601C9}
	EndGlobalSection
EndGlobal
